
Microsoft Visual Studio Solution File, Format Version 12.00
# Visual Studio Version 17
VisualStudioVersion = 17.3.32825.248
MinimumVisualStudioVersion = 10.0.40219.1
Project("{FAE04EC0-301F-11D3-BF4B-00C04F79EFBC}") = "EntityManyToManyProject", "EntityManyToManyProject.csproj", "{3B1C0430-2AC0-4D61-94A7-9F7E43612630}"
EndProject
Global
	GlobalSection(SolutionConfigurationPlatforms) = preSolution
		Debug|Any CPU = Debug|Any CPU
		Release|Any CPU = Release|Any CPU
	EndGlobalSection
	GlobalSection(ProjectConfigurationPlatforms) = postSolution
		{3B1C0430-2AC0-4D61-94A7-9F7E43612630}.Debug|Any CPU.ActiveCfg = Debug|Any CPU
		{3B1C0430-2AC0-4D61-94A7-9F7E43612630}.Debug|Any CPU.Build.0 = Debug|Any CPU
		{3B1C0430-2AC0-4D61-94A7-9F7E43612630}.Release|Any CPU.ActiveCfg = Release|Any CPU
		{3B1C0430-2AC0-4D61-94A7-9F7E43612630}.Release|Any CPU.Build.0 = Release|Any CPU
	EndGlobalSection
	GlobalSection(SolutionProperties) = preSolution
		HideSolutionNode = FALSE
	EndGlobalSection
	GlobalSection(ExtensibilityGlobals) = postSolution
		SolutionGuid = {225DFB8F-96F9-4133-9B51-ACE8E8974348}
	EndGlobalSection
EndGlobal
